version = 1
revision = 3
requires-python = "==3.12.*"

[[package]]
name = "anyio"
version = "4.12.0"
source = { registry = "https://pypi.org/simple" }
dependencies = [
    { name = "idna" },
    { name = "typing-extensions" },
]
sdist = { url = "https://files.pythonhosted.org/packages/16/ce/8a777047513153587e5434fd752e89334ac33e379aa3497db860eeb60377/anyio-4.12.0.tar.gz", hash = "sha256:73c693b567b0c55130c104d0b43a9baf3aa6a31fc6110116509f27bf75e21ec0", size = 228266, upload-time = "2025-11-28T23:37:38.911Z" }
wheels = [
    { url = "https://files.pythonhosted.org/packages/7f/9c/36c5c37947ebfb8c7f22e0eb6e4d188ee2d53aa3880f3f2744fb894f0cb1/anyio-4.12.0-py3-none-any.whl", hash = "sha256:dad2376a628f98eeca4881fc56cd06affd18f659b17a747d3ff0307ced94b1bb", size = 113362, upload-time = "2025-11-28T23:36:57.897Z" },
]

[[package]]
name = "certifi"
version = "2025.11.12"
source = { registry = "https://pypi.org/simple" }
sdist = { url = "https://files.pythonhosted.org/packages/a2/8c/58f469717fa48465e4a50c014a0400602d3c437d7c0c468e17ada824da3a/certifi-2025.11.12.tar.gz", hash = "sha256:d8ab5478f2ecd78af242878415affce761ca6bc54a22a27e026d7c25357c3316", size = 160538, upload-time = "2025-11-12T02:54:51.517Z" }
wheels = [
    { url = "https://files.pythonhosted.org/packages/70/7d/9bc192684cea499815ff478dfcdc13835ddf401365057044fb721ec6bddb/certifi-2025.11.12-py3-none-any.whl", hash = "sha256:97de8790030bbd5c2d96b7ec782fc2f7820ef8dba6db909ccf95449f2d062d4b", size = 159438, upload-time = "2025-11-12T02:54:49.735Z" },
]

[[package]]
name = "click"
version = "8.3.1"
source = { registry = "https://pypi.org/simple" }
dependencies = [
    { name = "colorama", marker = "sys_platform == 'win32'" },
]
sdist = { url = "https://files.pythonhosted.org/packages/3d/fa/656b739db8587d7b5dfa22e22ed02566950fbfbcdc20311993483657a5c0/click-8.3.1.tar.gz", hash = "sha256:12ff4785d337a1bb490bb7e9c2b1ee5da3112e94a8622f26a6c77f5d2fc6842a", size = 295065, upload-time = "2025-11-15T20:45:42.706Z" }
wheels = [
    { url = "https://files.pythonhosted.org/packages/98/78/01c019cdb5d6498122777c1a43056ebb3ebfeef2076d9d026bfe15583b2b/click-8.3.1-py3-none-any.whl", hash = "sha256:981153a64e25f12d547d3426c367a4857371575ee7ad18df2a6183ab0545b2a6", size = 108274, upload-time = "2025-11-15T20:45:41.139Z" },
]

[[package]]
name = "colorama"
version = "0.4.6"
source = { registry = "https://pypi.org/simple" }
sdist = { url = "https://files.pythonhosted.org/packages/d8/53/6f443c9a4a8358a93a6792e2acffb9d9d5cb0a5cfd8802644b7b1c9a02e4/colorama-0.4.6.tar.gz", hash = "sha256:08695f5cb7ed6e0531a20572697297273c47b8cae5a63ffc6d6ed5c201be6e44", size = 27697, upload-time = "2022-10-25T02:36:22.414Z" }
wheels = [
    { url = "https://files.pythonhosted.org/packages/d1/d6/3965ed04c63042e047cb6a3e6ed1a63a35087b6a609aa3a15ed8ac56c221/colorama-0.4.6-py2.py3-none-any.whl", hash = "sha256:4f1d9991f5acc0ca119f9d443620b77f9d6b33703e51011c16baf57afb285fc6", size = 25335, upload-time = "2022-10-25T02:36:20.889Z" },
]

[[package]]
name = "coverage"
version = "7.12.0"
source = { registry = "https://pypi.org/simple" }
sdist = { url = "https://files.pythonhosted.org/packages/89/26/4a96807b193b011588099c3b5c89fbb05294e5b90e71018e065465f34eb6/coverage-7.12.0.tar.gz", hash = "sha256:fc11e0a4e372cb5f282f16ef90d4a585034050ccda536451901abfb19a57f40c", size = 819341, upload-time = "2025-11-18T13:34:20.766Z" }
wheels = [
    { url = "https://files.pythonhosted.org/packages/02/bf/638c0427c0f0d47638242e2438127f3c8ee3cfc06c7fdeb16778ed47f836/coverage-7.12.0-cp312-cp312-macosx_10_13_x86_64.whl", hash = "sha256:29644c928772c78512b48e14156b81255000dcfd4817574ff69def189bcb3647", size = 217704, upload-time = "2025-11-18T13:32:28.906Z" },
    { url = "https://files.pythonhosted.org/packages/08/e1/706fae6692a66c2d6b871a608bbde0da6281903fa0e9f53a39ed441da36a/coverage-7.12.0-cp312-cp312-macosx_11_0_arm64.whl", hash = "sha256:8638cbb002eaa5d7c8d04da667813ce1067080b9a91099801a0053086e52b736", size = 218064, upload-time = "2025-11-18T13:32:30.161Z" },
    { url = "https://files.pythonhosted.org/packages/a9/8b/eb0231d0540f8af3ffda39720ff43cb91926489d01524e68f60e961366e4/coverage-7.12.0-cp312-cp312-manylinux1_i686.manylinux_2_28_i686.manylinux_2_5_i686.whl", hash = "sha256:083631eeff5eb9992c923e14b810a179798bb598e6a0dd60586819fc23be6e60", size = 249560, upload-time = "2025-11-18T13:32:31.835Z" },
    { url = "https://files.pythonhosted.org/packages/e9/a1/67fb52af642e974d159b5b379e4d4c59d0ebe1288677fbd04bbffe665a82/coverage-7.12.0-cp312-cp312-manylinux1_x86_64.manylinux_2_28_x86_64.manylinux_2_5_x86_64.whl", hash = "sha256:99d5415c73ca12d558e07776bd957c4222c687b9f1d26fa0e1b57e3598bdcde8", size = 252318, upload-time = "2025-11-18T13:32:33.178Z" },
    { url = "https://files.pythonhosted.org/packages/41/e5/38228f31b2c7665ebf9bdfdddd7a184d56450755c7e43ac721c11a4b8dab/coverage-7.12.0-cp312-cp312-manylinux2014_aarch64.manylinux_2_17_aarch64.manylinux_2_28_aarch64.whl", hash = "sha256:e949ebf60c717c3df63adb4a1a366c096c8d7fd8472608cd09359e1bd48ef59f", size = 253403, upload-time = "2025-11-18T13:32:34.45Z" },
    { url = "https://files.pythonhosted.org/packages/ec/4b/df78e4c8188f9960684267c5a4897836f3f0f20a20c51606ee778a1d9749/coverage-7.12.0-cp312-cp312-manylinux_2_31_riscv64.manylinux_2_39_riscv64.whl", hash = "sha256:6d907ddccbca819afa2cd014bc69983b146cca2735a0b1e6259b2a6c10be1e70", size = 249984, upload-time = "2025-11-18T13:32:35.747Z" },
    { url = "https://files.pythonhosted.org/packages/ba/51/bb163933d195a345c6f63eab9e55743413d064c291b6220df754075c2769/coverage-7.12.0-cp312-cp312-musllinux_1_2_aarch64.whl", hash = "sha256:b1518ecbad4e6173f4c6e6c4a46e49555ea5679bf3feda5edb1b935c7c44e8a0", size = 251339, upload-time = "2025-11-18T13:32:37.352Z" },
    { url = "https://files.pythonhosted.org/packages/15/40/c9b29cdb8412c837cdcbc2cfa054547dd83affe6cbbd4ce4fdb92b6ba7d1/coverage-7.12.0-cp312-cp312-musllinux_1_2_i686.whl", hash = "sha256:51777647a749abdf6f6fd8c7cffab12de68ab93aab15efc72fbbb83036c2a068", size = 249489, upload-time = "2025-11-18T13:32:39.212Z" },
    { url = "https://files.pythonhosted.org/packages/c8/da/b3131e20ba07a0de4437a50ef3b47840dfabf9293675b0cd5c2c7f66dd61/coverage-7.12.0-cp312-cp312-musllinux_1_2_riscv64.whl", hash = "sha256:42435d46d6461a3b305cdfcad7cdd3248787771f53fe18305548cba474e6523b", size = 249070, upload-time = "2025-11-18T13:32:40.598Z" },
    { url = "https://files.pythonhosted.org/packages/70/81/b653329b5f6302c08d683ceff6785bc60a34be9ae92a5c7b63ee7ee7acec/coverage-7.12.0-cp312-cp312-musllinux_1_2_x86_64.whl", hash = "sha256:5bcead88c8423e1855e64b8057d0544e33e4080b95b240c2a355334bb7ced937", size = 250929, upload-time = "2025-11-18T13:32:42.915Z" },
    { url = "https://files.pythonhosted.org/packages/a3/00/250ac3bca9f252a5fb1338b5ad01331ebb7b40223f72bef5b1b2cb03aa64/coverage-7.12.0-cp312-cp312-win32.whl", hash = "sha256:dcbb630ab034e86d2a0f79aefd2be07e583202f41e037602d438c80044957baa", size = 220241, upload-time = "2025-11-18T13:32:44.665Z" },
    { url = "https://files.pythonhosted.org/packages/64/1c/77e79e76d37ce83302f6c21980b45e09f8aa4551965213a10e62d71ce0ab/coverage-7.12.0-cp312-cp312-win_amd64.whl", hash = "sha256:2fd8354ed5d69775ac42986a691fbf68b4084278710cee9d7c3eaa0c28fa982a", size = 221051, upload-time = "2025-11-18T13:32:46.008Z" },
    { url = "https://files.pythonhosted.org/packages/31/f5/641b8a25baae564f9e52cac0e2667b123de961985709a004e287ee7663cc/coverage-7.12.0-cp312-cp312-win_arm64.whl", hash = "sha256:737c3814903be30695b2de20d22bcc5428fdae305c61ba44cdc8b3252984c49c", size = 219692, upload-time = "2025-11-18T13:32:47.372Z" },
    { url = "https://files.pythonhosted.org/packages/ce/a3/43b749004e3c09452e39bb56347a008f0a0668aad37324a99b5c8ca91d9e/coverage-7.12.0-py3-none-any.whl", hash = "sha256:159d50c0b12e060b15ed3d39f87ed43d4f7f7ad40b8a534f4dd331adbb51104a", size = 209503, upload-time = "2025-11-18T13:34:18.892Z" },
]

[[package]]
name = "h11"
version = "0.16.0"
source = { registry = "https://pypi.org/simple" }
sdist = { url = "https://files.pythonhosted.org/packages/01/ee/02a2c011bdab74c6fb3c75474d40b3052059d95df7e73351460c8588d963/h11-0.16.0.tar.gz", hash = "sha256:4e35b956cf45792e4caa5885e69fba00bdbc6ffafbfa020300e549b208ee5ff1", size = 101250, upload-time = "2025-04-24T03:35:25.427Z" }
wheels = [
    { url = "https://files.pythonhosted.org/packages/04/4b/29cac41a4d98d144bf5f6d33995617b185d14b22401f75ca86f384e87ff1/h11-0.16.0-py3-none-any.whl", hash = "sha256:63cf8bbe7522de3bf65932fda1d9c2772064ffb3dae62d55932da54b31cb6c86", size = 37515, upload-time = "2025-04-24T03:35:24.344Z" },
]

[[package]]
name = "httpcore"
version = "1.0.9"
source = { registry = "https://pypi.org/simple" }
dependencies = [
    { name = "certifi" },
    { name = "h11" },
]
sdist = { url = "https://files.pythonhosted.org/packages/06/94/82699a10bca87a5556c9c59b5963f2d039dbd239f25bc2a63907a05a14cb/httpcore-1.0.9.tar.gz", hash = "sha256:6e34463af53fd2ab5d807f399a9b45ea31c3dfa2276f15a2c3f00afff6e176e8", size = 85484, upload-time = "2025-04-24T22:06:22.219Z" }
wheels = [
    { url = "https://files.pythonhosted.org/packages/7e/f5/f66802a942d491edb555dd61e3a9961140fd64c90bce1eafd741609d334d/httpcore-1.0.9-py3-none-any.whl", hash = "sha256:2d400746a40668fc9dec9810239072b40b4484b640a8c38fd654a024c7a1bf55", size = 78784, upload-time = "2025-04-24T22:06:20.566Z" },
]

[[package]]
name = "httpx"
version = "0.27.2"
source = { registry = "https://pypi.org/simple" }
dependencies = [
    { name = "anyio" },
    { name = "certifi" },
    { name = "httpcore" },
    { name = "idna" },
    { name = "sniffio" },
]
sdist = { url = "https://files.pythonhosted.org/packages/78/82/08f8c936781f67d9e6b9eeb8a0c8b4e406136ea4c3d1f89a5db71d42e0e6/httpx-0.27.2.tar.gz", hash = "sha256:f7c2be1d2f3c3c3160d441802406b206c2b76f5947b11115e6df10c6c65e66c2", size = 144189, upload-time = "2024-08-27T12:54:01.334Z" }
wheels = [
    { url = "https://files.pythonhosted.org/packages/56/95/9377bcb415797e44274b51d46e3249eba641711cf3348050f76ee7b15ffc/httpx-0.27.2-py3-none-any.whl", hash = "sha256:7bb2708e112d8fdd7829cd4243970f0c223274051cb35ee80c03301ee29a3df0", size = 76395, upload-time = "2024-08-27T12:53:59.653Z" },
]

[[package]]
name = "idna"
version = "3.11"
source = { registry = "https://pypi.org/simple" }
sdist = { url = "https://files.pythonhosted.org/packages/6f/6d/0703ccc57f3a7233505399edb88de3cbd678da106337b9fcde432b65ed60/idna-3.11.tar.gz", hash = "sha256:795dafcc9c04ed0c1fb032c2aa73654d8e8c5023a7df64a53f39190ada629902", size = 194582, upload-time = "2025-10-12T14:55:20.501Z" }
wheels = [
    { url = "https://files.pythonhosted.org/packages/0e/61/66938bbb5fc52dbdf84594873d5b51fb1f7c7794e9c0f5bd885f30bc507b/idna-3.11-py3-none-any.whl", hash = "sha256:771a87f49d9defaf64091e6e6fe9c18d4833f140bd19464795bc32d966ca37ea", size = 71008, upload-time = "2025-10-12T14:55:18.883Z" },
]

[[package]]
name = "iniconfig"
version = "2.3.0"
source = { registry = "https://pypi.org/simple" }
sdist = { url = "https://files.pythonhosted.org/packages/72/34/14ca021ce8e5dfedc35312d08ba8bf51fdd999c576889fc2c24cb97f4f10/iniconfig-2.3.0.tar.gz", hash = "sha256:c76315c77db068650d49c5b56314774a7804df16fee4402c1f19d6d15d8c4730", size = 20503, upload-time = "2025-10-18T21:55:43.219Z" }
wheels = [
    { url = "https://files.pythonhosted.org/packages/cb/b1/3846dd7f199d53cb17f49cba7e651e9ce294d8497c8c150530ed11865bb8/iniconfig-2.3.0-py3-none-any.whl", hash = "sha256:f631c04d2c48c52b84d0d0549c99ff3859c98df65b3101406327ecc7d53fbf12", size = 7484, upload-time = "2025-10-18T21:55:41.639Z" },
]

[[package]]
name = "librt"
version = "0.6.3"
source = { registry = "https://pypi.org/simple" }
sdist = { url = "https://files.pythonhosted.org/packages/37/c3/cdff3c10e2e608490dc0a310ccf11ba777b3943ad4fcead2a2ade98c21e1/librt-0.6.3.tar.gz", hash = "sha256:c724a884e642aa2bbad52bb0203ea40406ad742368a5f90da1b220e970384aae", size = 54209, upload-time = "2025-11-29T14:01:56.058Z" }
wheels = [
    { url = "https://files.pythonhosted.org/packages/b4/2c/b59249c566f98fe90e178baf59e83f628d6c38fb8bc78319301fccda0b5e/librt-0.6.3-cp312-cp312-macosx_10_13_x86_64.whl", hash = "sha256:74418f718083009108dc9a42c21bf2e4802d49638a1249e13677585fcc9ca176", size = 27841, upload-time = "2025-11-29T14:00:58.925Z" },
    { url = "https://files.pythonhosted.org/packages/40/e8/9db01cafcd1a2872b76114c858f81cc29ce7ad606bc102020d6dabf470fb/librt-0.6.3-cp312-cp312-macosx_11_0_arm64.whl", hash = "sha256:514f3f363d1ebc423357d36222c37e5c8e6674b6eae8d7195ac9a64903722057", size = 27844, upload-time = "2025-11-29T14:01:00.2Z" },
    { url = "https://files.pythonhosted.org/packages/59/4d/da449d3a7d83cc853af539dee42adc37b755d7eea4ad3880bacfd84b651d/librt-0.6.3-cp312-cp312-manylinux1_i686.manylinux_2_28_i686.manylinux_2_5_i686.whl", hash = "sha256:cf1115207a5049d1f4b7b4b72de0e52f228d6c696803d94843907111cbf80610", size = 84091, upload-time = "2025-11-29T14:01:01.118Z" },
    { url = "https://files.pythonhosted.org/packages/ea/6c/f90306906fb6cc6eaf4725870f0347115de05431e1f96d35114392d31fda/librt-0.6.3-cp312-cp312-manylinux2014_aarch64.manylinux_2_17_aarch64.manylinux_2_28_aarch64.whl", hash = "sha256:ad8ba80cdcea04bea7b78fcd4925bfbf408961e9d8397d2ee5d3ec121e20c08c", size = 88239, upload-time = "2025-11-29T14:01:02.11Z" },
    { url = "https://files.pythonhosted.org/packages/e7/ae/473ce7b423cfac2cb503851a89d9d2195bf615f534d5912bf86feeebbee7/librt-0.6.3-cp312-cp312-manylinux2014_x86_64.manylinux_2_17_x86_64.manylinux_2_28_x86_64.whl", hash = "sha256:4018904c83eab49c814e2494b4e22501a93cdb6c9f9425533fe693c3117126f9", size = 88815, upload-time = "2025-11-29T14:01:03.114Z" },
    { url = "https://files.pythonhosted.org/packages/c4/6d/934df738c87fb9617cabefe4891eece585a06abe6def25b4bca3b174429d/librt-0.6.3-cp312-cp312-musllinux_1_2_aarch64.whl", hash = "sha256:8983c5c06ac9c990eac5eb97a9f03fe41dc7e9d7993df74d9e8682a1056f596c", size = 90598, upload-time = "2025-11-29T14:01:04.071Z" },
    { url = "https://files.pythonhosted.org/packages/72/89/eeaa124f5e0f431c2b39119550378ae817a4b1a3c93fd7122f0639336fff/librt-0.6.3-cp312-cp312-musllinux_1_2_i686.whl", hash = "sha256:d7769c579663a6f8dbf34878969ac71befa42067ce6bf78e6370bf0d1194997c", size = 88603, upload-time = "2025-11-29T14:01:05.02Z" },
    { url = "https://files.pythonhosted.org/packages/4d/ed/c60b3c1cfc27d709bc0288af428ce58543fcb5053cf3eadbc773c24257f5/librt-0.6.3-cp312-cp312-musllinux_1_2_x86_64.whl", hash = "sha256:d3c9a07eafdc70556f8c220da4a538e715668c0c63cabcc436a026e4e89950bf", size = 92112, upload-time = "2025-11-29T14:01:06.304Z" },
    { url = "https://files.pythonhosted.org/packages/c1/ab/f56169be5f716ef4ab0277be70bcb1874b4effc262e655d85b505af4884d/librt-0.6.3-cp312-cp312-win32.whl", hash = "sha256:38320386a48a15033da295df276aea93a92dfa94a862e06893f75ea1d8bbe89d", size = 20127, upload-time = "2025-11-29T14:01:07.283Z" },
    { url = "https://files.pythonhosted.org/packages/ff/8d/222750ce82bf95125529eaab585ac7e2829df252f3cfc05d68792fb1dd2c/librt-0.6.3-cp312-cp312-win_amd64.whl", hash = "sha256:c0ecf4786ad0404b072196b5df774b1bb23c8aacdcacb6c10b4128bc7b00bd01", size = 21545, upload-time = "2025-11-29T14:01:08.184Z" },
    { url = "https://files.pythonhosted.org/packages/72/c9/f731ddcfb72f446a92a8674c6b8e1e2242773cce43a04f41549bd8b958ff/librt-0.6.3-cp312-cp312-win_arm64.whl", hash = "sha256:9f2a6623057989ebc469cd9cc8fe436c40117a0147627568d03f84aef7854c55", size = 20946, upload-time = "2025-11-29T14:01:09.384Z" },
]

[[package]]
name = "markdown-it-py"
version = "4.0.0"
source = { registry = "https://pypi.org/simple" }
dependencies = [
    { name = "mdurl" },
]
sdist = { url = "https://files.pythonhosted.org/packages/5b/f5/4ec618ed16cc4f8fb3b701563655a69816155e79e24a17b651541804721d/markdown_it_py-4.0.0.tar.gz", hash = "sha256:cb0a2b4aa34f932c007117b194e945bd74e0ec24133ceb5bac59009cda1cb9f3", size = 73070, upload-time = "2025-08-11T12:57:52.854Z" }
wheels = [
    { url = "https://files.pythonhosted.org/packages/94/54/e7d793b573f298e1c9013b8c4dade17d481164aa517d1d7148619c2cedbf/markdown_it_py-4.0.0-py3-none-any.whl", hash = "sha256:87327c59b172c5011896038353a81343b6754500a08cd7a4973bb48c6d578147", size = 87321, upload-time = "2025-08-11T12:57:51.923Z" },
]

[[package]]
name = "mdurl"
version = "0.1.2"
source = { registry = "https://pypi.org/simple" }
sdist = { url = "https://files.pythonhosted.org/packages/d6/54/cfe61301667036ec958cb99bd3efefba235e65cdeb9c84d24a8293ba1d90/mdurl-0.1.2.tar.gz", hash = "sha256:bb413d29f5eea38f31dd4754dd7377d4465116fb207585f97bf925588687c1ba", size = 8729, upload-time = "2022-08-14T12:40:10.846Z" }
wheels = [
    { url = "https://files.pythonhosted.org/packages/b3/38/89ba8ad64ae25be8de66a6d463314cf1eb366222074cfda9ee839c56a4b4/mdurl-0.1.2-py3-none-any.whl", hash = "sha256:84008a41e51615a49fc9966191ff91509e3c40b939176e643fd50a5c2196b8f8", size = 9979, upload-time = "2022-08-14T12:40:09.779Z" },
]

[[package]]
name = "mypy"
version = "1.19.0"
source = { registry = "https://pypi.org/simple" }
dependencies = [
    { name = "librt" },
    { name = "mypy-extensions" },
    { name = "pathspec" },
    { name = "typing-extensions" },
]
sdist = { url = "https://files.pythonhosted.org/packages/f9/b5/b58cdc25fadd424552804bf410855d52324183112aa004f0732c5f6324cf/mypy-1.19.0.tar.gz", hash = "sha256:f6b874ca77f733222641e5c46e4711648c4037ea13646fd0cdc814c2eaec2528", size = 3579025, upload-time = "2025-11-28T15:49:01.26Z" }
wheels = [
    { url = "https://files.pythonhosted.org/packages/11/7e/1afa8fb188b876abeaa14460dc4983f909aaacaa4bf5718c00b2c7e0b3d5/mypy-1.19.0-cp312-cp312-macosx_10_13_x86_64.whl", hash = "sha256:0fb3115cb8fa7c5f887c8a8d81ccdcb94cff334684980d847e5a62e926910e1d", size = 13207728, upload-time = "2025-11-28T15:46:26.463Z" },
    { url = "https://files.pythonhosted.org/packages/b2/13/f103d04962bcbefb1644f5ccb235998b32c337d6c13145ea390b9da47f3e/mypy-1.19.0-cp312-cp312-macosx_11_0_arm64.whl", hash = "sha256:f3e19e3b897562276bb331074d64c076dbdd3e79213f36eed4e592272dabd760", size = 12202945, upload-time = "2025-11-28T15:48:49.143Z" },
    { url = "https://files.pythonhosted.org/packages/e4/93/a86a5608f74a22284a8ccea8592f6e270b61f95b8588951110ad797c2ddd/mypy-1.19.0-cp312-cp312-manylinux2014_aarch64.manylinux_2_17_aarch64.manylinux_2_28_aarch64.whl", hash = "sha256:b9d491295825182fba01b6ffe2c6fe4e5a49dbf4e2bb4d1217b6ced3b4797bc6", size = 12718673, upload-time = "2025-11-28T15:47:37.193Z" },
    { url = "https://files.pythonhosted.org/packages/3d/58/cf08fff9ced0423b858f2a7495001fda28dc058136818ee9dffc31534ea9/mypy-1.19.0-cp312-cp312-manylinux2014_x86_64.manylinux_2_17_x86_64.manylinux_2_28_x86_64.whl", hash = "sha256:6016c52ab209919b46169651b362068f632efcd5eb8ef9d1735f6f86da7853b2", size = 13608336, upload-time = "2025-11-28T15:48:32.625Z" },
    { url = "https://files.pythonhosted.org/packages/64/ed/9c509105c5a6d4b73bb08733102a3ea62c25bc02c51bca85e3134bf912d3/mypy-1.19.0-cp312-cp312-musllinux_1_2_x86_64.whl", hash = "sha256:f188dcf16483b3e59f9278c4ed939ec0254aa8a60e8fc100648d9ab5ee95a431", size = 13833174, upload-time = "2025-11-28T15:45:48.091Z" },
    { url = "https://files.pythonhosted.org/packages/cd/71/01939b66e35c6f8cb3e6fdf0b657f0fd24de2f8ba5e523625c8e72328208/mypy-1.19.0-cp312-cp312-win_amd64.whl", hash = "sha256:0e3c3d1e1d62e678c339e7ade72746a9e0325de42cd2cccc51616c7b2ed1a018", size = 10112208, upload-time = "2025-11-28T15:46:41.702Z" },
    { url = "https://files.pythonhosted.org/packages/09/0e/fe228ed5aeab470c6f4eb82481837fadb642a5aa95cc8215fd2214822c10/mypy-1.19.0-py3-none-any.whl", hash = "sha256:0c01c99d626380752e527d5ce8e69ffbba2046eb8a060db0329690849cf9b6f9", size = 2469714, upload-time = "2025-11-28T15:45:33.22Z" },
]

[[package]]
name = "mypy-extensions"
version = "1.1.0"
source = { registry = "https://pypi.org/simple" }
sdist = { url = "https://files.pythonhosted.org/packages/a2/6e/371856a3fb9d31ca8dac321cda606860fa4548858c0cc45d9d1d4ca2628b/mypy_extensions-1.1.0.tar.gz", hash = "sha256:52e68efc3284861e772bbcd66823fde5ae21fd2fdb51c62a211403730b916558", size = 6343, upload-time = "2025-04-22T14:54:24.164Z" }
wheels = [
    { url = "https://files.pythonhosted.org/packages/79/7b/2c79738432f5c924bef5071f933bcc9efd0473bac3b4aa584a6f7c1c8df8/mypy_extensions-1.1.0-py3-none-any.whl", hash = "sha256:1be4cccdb0f2482337c4743e60421de3a356cd97508abadd57d47403e94f5505", size = 4963, upload-time = "2025-04-22T14:54:22.983Z" },
]

[[package]]
name = "packaging"
version = "25.0"
source = { registry = "https://pypi.org/simple" }
sdist = { url = "https://files.pythonhosted.org/packages/a1/d4/1fc4078c65507b51b96ca8f8c3ba19e6a61c8253c72794544580a7b6c24d/packaging-25.0.tar.gz", hash = "sha256:d443872c98d677bf60f6a1f2f8c1cb748e8fe762d2bf9d3148b5599295b0fc4f", size = 165727, upload-time = "2025-04-19T11:48:59.673Z" }
wheels = [
    { url = "https://files.pythonhosted.org/packages/20/12/38679034af332785aac8774540895e234f4d07f7545804097de4b666afd8/packaging-25.0-py3-none-any.whl", hash = "sha256:29572ef2b1f17581046b3a2227d5c611fb25ec70ca1ba8554b24b0e69331a484", size = 66469, upload-time = "2025-04-19T11:48:57.875Z" },
]

[[package]]
name = "parallel"
version = "0.1.0"
source = { editable = "." }
dependencies = [
    { name = "httpx" },
    { name = "typer" },
]

[package.dev-dependencies]
dev = [
    { name = "mypy" },
    { name = "pytest" },
    { name = "pytest-cov" },
    { name = "ruff" },
]

[package.metadata]
requires-dist = [
    { name = "httpx", specifier = ">=0.27,<0.28" },
    { name = "typer", specifier = ">=0.18,<0.19" },
]

[package.metadata.requires-dev]
dev = [
    { name = "mypy", specifier = ">=1.11,<2.0" },
    { name = "pytest", specifier = ">=8.3,<9.0" },
    { name = "pytest-cov", specifier = ">=5.0,<6.0" },
    { name = "ruff", specifier = ">=0.5,<0.6" },
]

[[package]]
name = "pathspec"
version = "0.12.1"
source = { registry = "https://pypi.org/simple" }
sdist = { url = "https://files.pythonhosted.org/packages/ca/bc/f35b8446f4531a7cb215605d100cd88b7ac6f44ab3fc94870c120ab3adbf/pathspec-0.12.1.tar.gz", hash = "sha256:a482d51503a1ab33b1c67a6c3813a26953dbdc71c31dacaef9a838c4e29f5712", size = 51043, upload-time = "2023-12-10T22:30:45Z" }
wheels = [
    { url = "https://files.pythonhosted.org/packages/cc/20/ff623b09d963f88bfde16306a54e12ee5ea43e9b597108672ff3a408aad6/pathspec-0.12.1-py3-none-any.whl", hash = "sha256:a0d503e138a4c123b27490a4f7beda6a01c6f288df0e4a8b79c7eb0dc7b4cc08", size = 31191, upload-time = "2023-12-10T22:30:43.14Z" },
]

[[package]]
name = "pluggy"
version = "1.6.0"
source = { registry = "https://pypi.org/simple" }
sdist = { url = "https://files.pythonhosted.org/packages/f9/e2/3e91f31a7d2b083fe6ef3fa267035b518369d9511ffab804f839851d2779/pluggy-1.6.0.tar.gz", hash = "sha256:7dcc130b76258d33b90f61b658791dede3486c3e6bfb003ee5c9bfb396dd22f3", size = 69412, upload-time = "2025-05-15T12:30:07.975Z" }
wheels = [
    { url = "https://files.pythonhosted.org/packages/54/20/4d324d65cc6d9205fabedc306948156824eb9f0ee1633355a8f7ec5c66bf/pluggy-1.6.0-py3-none-any.whl", hash = "sha256:e920276dd6813095e9377c0bc5566d94c932c33b27a3e3945d8389c374dd4746", size = 20538, upload-time = "2025-05-15T12:30:06.134Z" },
]

[[package]]
name = "pygments"
version = "2.19.2"
source = { registry = "https://pypi.org/simple" }
sdist = { url = "https://files.pythonhosted.org/packages/b0/77/a5b8c569bf593b0140bde72ea885a803b82086995367bf2037de0159d924/pygments-2.19.2.tar.gz", hash = "sha256:636cb2477cec7f8952536970bc533bc43743542f70392ae026374600add5b887", size = 4968631, upload-time = "2025-06-21T13:39:12.283Z" }
wheels = [
    { url = "https://files.pythonhosted.org/packages/c7/21/705964c7812476f378728bdf590ca4b771ec72385c533964653c68e86bdc/pygments-2.19.2-py3-none-any.whl", hash = "sha256:86540386c03d588bb81d44bc3928634ff26449851e99741617ecb9037ee5ec0b", size = 1225217, upload-time = "2025-06-21T13:39:07.939Z" },
]

[[package]]
name = "pytest"
version = "8.4.2"
source = { registry = "https://pypi.org/simple" }
dependencies = [
    { name = "colorama", marker = "sys_platform == 'win32'" },
    { name = "iniconfig" },
    { name = "packaging" },
    { name = "pluggy" },
    { name = "pygments" },
]
sdist = { url = "https://files.pythonhosted.org/packages/a3/5c/00a0e072241553e1a7496d638deababa67c5058571567b92a7eaa258397c/pytest-8.4.2.tar.gz", hash = "sha256:86c0d0b93306b961d58d62a4db4879f27fe25513d4b969df351abdddb3c30e01", size = 1519618, upload-time = "2025-09-04T14:34:22.711Z" }
wheels = [
    { url = "https://files.pythonhosted.org/packages/a8/a4/20da314d277121d6534b3a980b29035dcd51e6744bd79075a6ce8fa4eb8d/pytest-8.4.2-py3-none-any.whl", hash = "sha256:872f880de3fc3a5bdc88a11b39c9710c3497a547cfa9320bc3c5e62fbf272e79", size = 365750, upload-time = "2025-09-04T14:34:20.226Z" },
]

[[package]]
name = "pytest-cov"
version = "5.0.0"
source = { registry = "https://pypi.org/simple" }
dependencies = [
    { name = "coverage" },
    { name = "pytest" },
]
sdist = { url = "https://files.pythonhosted.org/packages/74/67/00efc8d11b630c56f15f4ad9c7f9223f1e5ec275aaae3fa9118c6a223ad2/pytest-cov-5.0.0.tar.gz", hash = "sha256:5837b58e9f6ebd335b0f8060eecce69b662415b16dc503883a02f45dfeb14857", size = 63042, upload-time = "2024-03-24T20:16:34.856Z" }
wheels = [
    { url = "https://files.pythonhosted.org/packages/78/3a/af5b4fa5961d9a1e6237b530eb87dd04aea6eb83da09d2a4073d81b54ccf/pytest_cov-5.0.0-py3-none-any.whl", hash = "sha256:4f0764a1219df53214206bf1feea4633c3b558a2925c8b59f144f682861ce652", size = 21990, upload-time = "2024-03-24T20:16:32.444Z" },
]

[[package]]
name = "rich"
version = "14.2.0"
source = { registry = "https://pypi.org/simple" }
dependencies = [
    { name = "markdown-it-py" },
    { name = "pygments" },
]
sdist = { url = "https://files.pythonhosted.org/packages/fb/d2/8920e102050a0de7bfabeb4c4614a49248cf8d5d7a8d01885fbb24dc767a/rich-14.2.0.tar.gz", hash = "sha256:73ff50c7c0c1c77c8243079283f4edb376f0f6442433aecb8ce7e6d0b92d1fe4", size = 219990, upload-time = "2025-10-09T14:16:53.064Z" }
wheels = [
    { url = "https://files.pythonhosted.org/packages/25/7a/b0178788f8dc6cafce37a212c99565fa1fe7872c70c6c9c1e1a372d9d88f/rich-14.2.0-py3-none-any.whl", hash = "sha256:76bc51fe2e57d2b1be1f96c524b890b816e334ab4c1e45888799bfaab0021edd", size = 243393, upload-time = "2025-10-09T14:16:51.245Z" },
]

[[package]]
name = "ruff"
version = "0.5.7"
source = { registry = "https://pypi.org/simple" }
sdist = { url = "https://files.pythonhosted.org/packages/bf/2b/69e5e412f9d390adbdbcbf4f64d6914fa61b44b08839a6584655014fc524/ruff-0.5.7.tar.gz", hash = "sha256:8dfc0a458797f5d9fb622dd0efc52d796f23f0a1493a9527f4e49a550ae9a7e5", size = 2449817, upload-time = "2024-08-08T15:43:07.467Z" }
wheels = [
    { url = "https://files.pythonhosted.org/packages/6b/eb/06e06aaf96af30a68e83b357b037008c54a2ddcbad4f989535007c700394/ruff-0.5.7-py3-none-linux_armv6l.whl", hash = "sha256:548992d342fc404ee2e15a242cdbea4f8e39a52f2e7752d0e4cbe88d2d2f416a", size = 9570571, upload-time = "2024-08-08T15:41:56.537Z" },
    { url = "https://files.pythonhosted.org/packages/a4/10/1be32aeaab8728f78f673e7a47dd813222364479b2d6573dbcf0085e83ea/ruff-0.5.7-py3-none-macosx_10_12_x86_64.whl", hash = "sha256:00cc8872331055ee017c4f1071a8a31ca0809ccc0657da1d154a1d2abac5c0be", size = 8685138, upload-time = "2024-08-08T15:42:02.833Z" },
    { url = "https://files.pythonhosted.org/packages/3d/1d/c218ce83beb4394ba04d05e9aa2ae6ce9fba8405688fe878b0fdb40ce855/ruff-0.5.7-py3-none-macosx_11_0_arm64.whl", hash = "sha256:eaf3d86a1fdac1aec8a3417a63587d93f906c678bb9ed0b796da7b59c1114a1e", size = 8266785, upload-time = "2024-08-08T15:42:08.321Z" },
    { url = "https://files.pythonhosted.org/packages/26/79/7f49509bd844476235b40425756def366b227a9714191c91f02fb2178635/ruff-0.5.7-py3-none-manylinux_2_17_aarch64.manylinux2014_aarch64.whl", hash = "sha256:a01c34400097b06cf8a6e61b35d6d456d5bd1ae6961542de18ec81eaf33b4cb8", size = 9983964, upload-time = "2024-08-08T15:42:12.419Z" },
    { url = "https://files.pythonhosted.org/packages/bf/b1/939836b70bf9fcd5e5cd3ea67fdb8abb9eac7631351d32f26544034a35e4/ruff-0.5.7-py3-none-manylinux_2_17_armv7l.manylinux2014_armv7l.whl", hash = "sha256:fcc8054f1a717e2213500edaddcf1dbb0abad40d98e1bd9d0ad364f75c763eea", size = 9359490, upload-time = "2024-08-08T15:42:16.713Z" },
    { url = "https://files.pythonhosted.org/packages/32/7d/b3db19207de105daad0c8b704b2c6f2a011f9c07017bd58d8d6e7b8eba19/ruff-0.5.7-py3-none-manylinux_2_17_i686.manylinux2014_i686.whl", hash = "sha256:7f70284e73f36558ef51602254451e50dd6cc479f8b6f8413a95fcb5db4a55fc", size = 10170833, upload-time = "2024-08-08T15:42:20.54Z" },
    { url = "https://files.pythonhosted.org/packages/a2/45/eae9da55f3357a1ac04220230b8b07800bf516e6dd7e1ad20a2ff3b03b1b/ruff-0.5.7-py3-none-manylinux_2_17_ppc64.manylinux2014_ppc64.whl", hash = "sha256:a78ad870ae3c460394fc95437d43deb5c04b5c29297815a2a1de028903f19692", size = 10896360, upload-time = "2024-08-08T15:42:25.2Z" },
    { url = "https://files.pythonhosted.org/packages/99/67/4388b36d145675f4c51ebec561fcd4298a0e2550c81e629116f83ce45a39/ruff-0.5.7-py3-none-manylinux_2_17_ppc64le.manylinux2014_ppc64le.whl", hash = "sha256:9ccd078c66a8e419475174bfe60a69adb36ce04f8d4e91b006f1329d5cd44bcf", size = 10477094, upload-time = "2024-08-08T15:42:29.553Z" },
    { url = "https://files.pythonhosted.org/packages/e1/9c/f5e6ed1751dc187a4ecf19a4970dd30a521c0ee66b7941c16e292a4043fb/ruff-0.5.7-py3-none-manylinux_2_17_s390x.manylinux2014_s390x.whl", hash = "sha256:7e31c9bad4ebf8fdb77b59cae75814440731060a09a0e0077d559a556453acbb", size = 11480896, upload-time = "2024-08-08T15:42:33.772Z" },
    { url = "https://files.pythonhosted.org/packages/c8/3b/2b683be597bbd02046678fc3fc1c199c641512b20212073b58f173822bb3/ruff-0.5.7-py3-none-manylinux_2_17_x86_64.manylinux2014_x86_64.whl", hash = "sha256:8d796327eed8e168164346b769dd9a27a70e0298d667b4ecee6877ce8095ec8e", size = 10179702, upload-time = "2024-08-08T15:42:38.038Z" },
    { url = "https://files.pythonhosted.org/packages/f1/38/c2d94054dc4b3d1ea4c2ba3439b2a7095f08d1c8184bc41e6abe2a688be7/ruff-0.5.7-py3-none-musllinux_1_2_aarch64.whl", hash = "sha256:4a09ea2c3f7778cc635e7f6edf57d566a8ee8f485f3c4454db7771efb692c499", size = 9982855, upload-time = "2024-08-08T15:42:42.031Z" },
    { url = "https://files.pythonhosted.org/packages/7d/e7/1433db2da505ffa8912dcf5b28a8743012ee780cbc20ad0bf114787385d9/ruff-0.5.7-py3-none-musllinux_1_2_armv7l.whl", hash = "sha256:a36d8dcf55b3a3bc353270d544fb170d75d2dff41eba5df57b4e0b67a95bb64e", size = 9433156, upload-time = "2024-08-08T15:42:45.339Z" },
    { url = "https://files.pythonhosted.org/packages/e0/36/4fa43250e67741edeea3d366f59a1dc993d4d89ad493a36cbaa9889895f2/ruff-0.5.7-py3-none-musllinux_1_2_i686.whl", hash = "sha256:9369c218f789eefbd1b8d82a8cf25017b523ac47d96b2f531eba73770971c9e5", size = 9782971, upload-time = "2024-08-08T15:42:49.354Z" },
    { url = "https://files.pythonhosted.org/packages/80/0e/8c276103d518e5cf9202f70630aaa494abf6fc71c04d87c08b6d3cd07a4b/ruff-0.5.7-py3-none-musllinux_1_2_x86_64.whl", hash = "sha256:b88ca3db7eb377eb24fb7c82840546fb7acef75af4a74bd36e9ceb37a890257e", size = 10247775, upload-time = "2024-08-08T15:42:53.294Z" },
    { url = "https://files.pythonhosted.org/packages/cb/b9/673096d61276f39291b729dddde23c831a5833d98048349835782688a0ec/ruff-0.5.7-py3-none-win32.whl", hash = "sha256:33d61fc0e902198a3e55719f4be6b375b28f860b09c281e4bdbf783c0566576a", size = 7841772, upload-time = "2024-08-08T15:42:57.488Z" },
    { url = "https://files.pythonhosted.org/packages/67/1c/4520c98bfc06b9c73cd1457686d4d3935d40046b1ddea08403e5a6deff51/ruff-0.5.7-py3-none-win_amd64.whl", hash = "sha256:083bbcbe6fadb93cd86709037acc510f86eed5a314203079df174c40bbbca6b3", size = 8699779, upload-time = "2024-08-08T15:43:00.429Z" },
    { url = "https://files.pythonhosted.org/packages/38/23/b3763a237d2523d40a31fe2d1a301191fe392dd48d3014977d079cf8c0bd/ruff-0.5.7-py3-none-win_arm64.whl", hash = "sha256:2dca26154ff9571995107221d0aeaad0e75a77b5a682d6236cf89a58c70b76f4", size = 8091891, upload-time = "2024-08-08T15:43:04.162Z" },
]

[[package]]
name = "shellingham"
version = "1.5.4"
source = { registry = "https://pypi.org/simple" }
sdist = { url = "https://files.pythonhosted.org/packages/58/15/8b3609fd3830ef7b27b655beb4b4e9c62313a4e8da8c676e142cc210d58e/shellingham-1.5.4.tar.gz", hash = "sha256:8dbca0739d487e5bd35ab3ca4b36e11c4078f3a234bfce294b0a0291363404de", size = 10310, upload-time = "2023-10-24T04:13:40.426Z" }
wheels = [
    { url = "https://files.pythonhosted.org/packages/e0/f9/0595336914c5619e5f28a1fb793285925a8cd4b432c9da0a987836c7f822/shellingham-1.5.4-py2.py3-none-any.whl", hash = "sha256:7ecfff8f2fd72616f7481040475a65b2bf8af90a56c89140852d1120324e8686", size = 9755, upload-time = "2023-10-24T04:13:38.866Z" },
]

[[package]]
name = "sniffio"
version = "1.3.1"
source = { registry = "https://pypi.org/simple" }
sdist = { url = "https://files.pythonhosted.org/packages/a2/87/a6771e1546d97e7e041b6ae58d80074f81b7d5121207425c964ddf5cfdbd/sniffio-1.3.1.tar.gz", hash = "sha256:f4324edc670a0f49750a81b895f35c3adb843cca46f0530f79fc1babb23789dc", size = 20372, upload-time = "2024-02-25T23:20:04.057Z" }
wheels = [
    { url = "https://files.pythonhosted.org/packages/e9/44/75a9c9421471a6c4805dbf2356f7c181a29c1879239abab1ea2cc8f38b40/sniffio-1.3.1-py3-none-any.whl", hash = "sha256:2f6da418d1f1e0fddd844478f41680e794e6051915791a034ff65e5f100525a2", size = 10235, upload-time = "2024-02-25T23:20:01.196Z" },
]

[[package]]
name = "typer"
version = "0.18.0"
source = { registry = "https://pypi.org/simple" }
dependencies = [
    { name = "click" },
    { name = "rich" },
    { name = "shellingham" },
    { name = "typing-extensions" },
]
sdist = { url = "https://files.pythonhosted.org/packages/73/f2/8214025e8fd1ada825d1b2183bd5895148b42b88ffe3ea3eed1224568ed0/typer-0.18.0.tar.gz", hash = "sha256:342049be1a608c972b0f77dd2b2573e74366b83465cfd5ebd3fede187e1f885e", size = 103878, upload-time = "2025-09-19T19:21:32.856Z" }
wheels = [
    { url = "https://files.pythonhosted.org/packages/55/cc/c476930fbb1649658cb2195144dac1a9899e474bb6433bf35bf37b6946cb/typer-0.18.0-py3-none-any.whl", hash = "sha256:e0f91cc4bc0761f739c74ffd92aab3c8df279c4cab271b0dba1f302afa0b5a84", size = 46753, upload-time = "2025-09-19T19:21:30.993Z" },
]

[[package]]
name = "typing-extensions"
version = "4.15.0"
source = { registry = "https://pypi.org/simple" }
sdist = { url = "https://files.pythonhosted.org/packages/72/94/1a15dd82efb362ac84269196e94cf00f187f7ed21c242792a923cdb1c61f/typing_extensions-4.15.0.tar.gz", hash = "sha256:0cea48d173cc12fa28ecabc3b837ea3cf6f38c6d1136f85cbaaf598984861466", size = 109391, upload-time = "2025-08-25T13:49:26.313Z" }
wheels = [
    { url = "https://files.pythonhosted.org/packages/18/67/36e9267722cc04a6b9f15c7f3441c2363321a3ea07da7ae0c0707beb2a9c/typing_extensions-4.15.0-py3-none-any.whl", hash = "sha256:f0fa19c6845758ab08074a0cfa8b7aecb71c999ca73d62883bc25cc018c4e548", size = 44614, upload-time = "2025-08-25T13:49:24.86Z" },
]
